
Microsoft Visual Studio Solution File, Format Version 12.00
# Visual Studio 15
VisualStudioVersion = 15.0.27924.0
MinimumVisualStudioVersion = 10.0.40219.1
Project("{9A19103F-16F7-4668-BE54-9A1E7A4F7556}") = "Kabus.Api", "Kabus.Api\Kabus.Api.csproj", "{ADD6072C-D3C7-44E5-A1DC-8FB482E364A4}"
EndProject
Project("{FAE04EC0-301F-11D3-BF4B-00C04F79EFBC}") = "Kabus.Uwp", "Kabus.Uwp\Kabus.Uwp.csproj", "{037D4504-5B99-44DA-8C37-AD17719E82EB}"
EndProject
Project("{9A19103F-16F7-4668-BE54-9A1E7A4F7556}") = "Kabus.Api.Tests", "Kabus.Api.Tests\Kabus.Api.Tests.csproj", "{A0B74E74-F397-47BB-834B-7F75F1B29691}"
EndProject
Project("{FAE04EC0-301F-11D3-BF4B-00C04F79EFBC}") = "Movel.Tests", "Movel.Tests\Movel.Tests.csproj", "{10712F1B-019B-4683-BCA0-CDF095E0815F}"
EndProject
Project("{FAE04EC0-301F-11D3-BF4B-00C04F79EFBC}") = "Movel.Wpf", "Movel.Wpf\Movel.Wpf.csproj", "{A167BAE9-DC72-4A8C-9D22-135D26CE0870}"
EndProject
Project("{9A19103F-16F7-4668-BE54-9A1E7A4F7556}") = "Movel", "Movel\Movel.csproj", "{5A3A6EBD-775D-4930-A785-8EC7006E933E}"
EndProject
Project("{FAE04EC0-301F-11D3-BF4B-00C04F79EFBC}") = "Movel.Uwp", "Movel.Uwp\Movel.Uwp.csproj", "{024AFF16-9A00-4972-AA96-442E9A276D34}"
EndProject
Global
	GlobalSection(SolutionConfigurationPlatforms) = preSolution
		Debug|Any CPU = Debug|Any CPU
		Debug|ARM = Debug|ARM
		Debug|x64 = Debug|x64
		Debug|x86 = Debug|x86
		Release|Any CPU = Release|Any CPU
		Release|ARM = Release|ARM
		Release|x64 = Release|x64
		Release|x86 = Release|x86
	EndGlobalSection
	GlobalSection(ProjectConfigurationPlatforms) = postSolution
		{ADD6072C-D3C7-44E5-A1DC-8FB482E364A4}.Debug|Any CPU.ActiveCfg = Debug|Any CPU
		{ADD6072C-D3C7-44E5-A1DC-8FB482E364A4}.Debug|Any CPU.Build.0 = Debug|Any CPU
		{ADD6072C-D3C7-44E5-A1DC-8FB482E364A4}.Debug|ARM.ActiveCfg = Debug|Any CPU
		{ADD6072C-D3C7-44E5-A1DC-8FB482E364A4}.Debug|ARM.Build.0 = Debug|Any CPU
		{ADD6072C-D3C7-44E5-A1DC-8FB482E364A4}.Debug|x64.ActiveCfg = Debug|Any CPU
		{ADD6072C-D3C7-44E5-A1DC-8FB482E364A4}.Debug|x64.Build.0 = Debug|Any CPU
		{ADD6072C-D3C7-44E5-A1DC-8FB482E364A4}.Debug|x86.ActiveCfg = Debug|Any CPU
		{ADD6072C-D3C7-44E5-A1DC-8FB482E364A4}.Debug|x86.Build.0 = Debug|Any CPU
		{ADD6072C-D3C7-44E5-A1DC-8FB482E364A4}.Release|Any CPU.ActiveCfg = Release|Any CPU
		{ADD6072C-D3C7-44E5-A1DC-8FB482E364A4}.Release|Any CPU.Build.0 = Release|Any CPU
		{ADD6072C-D3C7-44E5-A1DC-8FB482E364A4}.Release|ARM.ActiveCfg = Release|Any CPU
		{ADD6072C-D3C7-44E5-A1DC-8FB482E364A4}.Release|ARM.Build.0 = Release|Any CPU
		{ADD6072C-D3C7-44E5-A1DC-8FB482E364A4}.Release|x64.ActiveCfg = Release|Any CPU
		{ADD6072C-D3C7-44E5-A1DC-8FB482E364A4}.Release|x64.Build.0 = Release|Any CPU
		{ADD6072C-D3C7-44E5-A1DC-8FB482E364A4}.Release|x86.ActiveCfg = Release|Any CPU
		{ADD6072C-D3C7-44E5-A1DC-8FB482E364A4}.Release|x86.Build.0 = Release|Any CPU
		{037D4504-5B99-44DA-8C37-AD17719E82EB}.Debug|Any CPU.ActiveCfg = Debug|x86
		{037D4504-5B99-44DA-8C37-AD17719E82EB}.Debug|Any CPU.Build.0 = Debug|x86
		{037D4504-5B99-44DA-8C37-AD17719E82EB}.Debug|Any CPU.Deploy.0 = Debug|x86
		{037D4504-5B99-44DA-8C37-AD17719E82EB}.Debug|ARM.ActiveCfg = Debug|ARM
		{037D4504-5B99-44DA-8C37-AD17719E82EB}.Debug|ARM.Build.0 = Debug|ARM
		{037D4504-5B99-44DA-8C37-AD17719E82EB}.Debug|ARM.Deploy.0 = Debug|ARM
		{037D4504-5B99-44DA-8C37-AD17719E82EB}.Debug|x64.ActiveCfg = Debug|x64
		{037D4504-5B99-44DA-8C37-AD17719E82EB}.Debug|x64.Build.0 = Debug|x64
		{037D4504-5B99-44DA-8C37-AD17719E82EB}.Debug|x64.Deploy.0 = Debug|x64
		{037D4504-5B99-44DA-8C37-AD17719E82EB}.Debug|x86.ActiveCfg = Debug|x86
		{037D4504-5B99-44DA-8C37-AD17719E82EB}.Debug|x86.Build.0 = Debug|x86
		{037D4504-5B99-44DA-8C37-AD17719E82EB}.Debug|x86.Deploy.0 = Debug|x86
		{037D4504-5B99-44DA-8C37-AD17719E82EB}.Release|Any CPU.ActiveCfg = Release|x86
		{037D4504-5B99-44DA-8C37-AD17719E82EB}.Release|ARM.ActiveCfg = Release|ARM
		{037D4504-5B99-44DA-8C37-AD17719E82EB}.Release|ARM.Build.0 = Release|ARM
		{037D4504-5B99-44DA-8C37-AD17719E82EB}.Release|ARM.Deploy.0 = Release|ARM
		{037D4504-5B99-44DA-8C37-AD17719E82EB}.Release|x64.ActiveCfg = Release|x64
		{037D4504-5B99-44DA-8C37-AD17719E82EB}.Release|x64.Build.0 = Release|x64
		{037D4504-5B99-44DA-8C37-AD17719E82EB}.Release|x64.Deploy.0 = Release|x64
		{037D4504-5B99-44DA-8C37-AD17719E82EB}.Release|x86.ActiveCfg = Release|x86
		{037D4504-5B99-44DA-8C37-AD17719E82EB}.Release|x86.Build.0 = Release|x86
		{037D4504-5B99-44DA-8C37-AD17719E82EB}.Release|x86.Deploy.0 = Release|x86
		{A0B74E74-F397-47BB-834B-7F75F1B29691}.Debug|Any CPU.ActiveCfg = Debug|Any CPU
		{A0B74E74-F397-47BB-834B-7F75F1B29691}.Debug|Any CPU.Build.0 = Debug|Any CPU
		{A0B74E74-F397-47BB-834B-7F75F1B29691}.Debug|ARM.ActiveCfg = Debug|Any CPU
		{A0B74E74-F397-47BB-834B-7F75F1B29691}.Debug|ARM.Build.0 = Debug|Any CPU
		{A0B74E74-F397-47BB-834B-7F75F1B29691}.Debug|x64.ActiveCfg = Debug|Any CPU
		{A0B74E74-F397-47BB-834B-7F75F1B29691}.Debug|x64.Build.0 = Debug|Any CPU
		{A0B74E74-F397-47BB-834B-7F75F1B29691}.Debug|x86.ActiveCfg = Debug|Any CPU
		{A0B74E74-F397-47BB-834B-7F75F1B29691}.Debug|x86.Build.0 = Debug|Any CPU
		{A0B74E74-F397-47BB-834B-7F75F1B29691}.Release|Any CPU.ActiveCfg = Release|Any CPU
		{A0B74E74-F397-47BB-834B-7F75F1B29691}.Release|Any CPU.Build.0 = Release|Any CPU
		{A0B74E74-F397-47BB-834B-7F75F1B29691}.Release|ARM.ActiveCfg = Release|Any CPU
		{A0B74E74-F397-47BB-834B-7F75F1B29691}.Release|ARM.Build.0 = Release|Any CPU
		{A0B74E74-F397-47BB-834B-7F75F1B29691}.Release|x64.ActiveCfg = Release|Any CPU
		{A0B74E74-F397-47BB-834B-7F75F1B29691}.Release|x64.Build.0 = Release|Any CPU
		{A0B74E74-F397-47BB-834B-7F75F1B29691}.Release|x86.ActiveCfg = Release|Any CPU
		{A0B74E74-F397-47BB-834B-7F75F1B29691}.Release|x86.Build.0 = Release|Any CPU
		{10712F1B-019B-4683-BCA0-CDF095E0815F}.Debug|Any CPU.ActiveCfg = Debug|Any CPU
		{10712F1B-019B-4683-BCA0-CDF095E0815F}.Debug|Any CPU.Build.0 = Debug|Any CPU
		{10712F1B-019B-4683-BCA0-CDF095E0815F}.Debug|ARM.ActiveCfg = Debug|Any CPU
		{10712F1B-019B-4683-BCA0-CDF095E0815F}.Debug|ARM.Build.0 = Debug|Any CPU
		{10712F1B-019B-4683-BCA0-CDF095E0815F}.Debug|x64.ActiveCfg = Debug|Any CPU
		{10712F1B-019B-4683-BCA0-CDF095E0815F}.Debug|x64.Build.0 = Debug|Any CPU
		{10712F1B-019B-4683-BCA0-CDF095E0815F}.Debug|x86.ActiveCfg = Debug|Any CPU
		{10712F1B-019B-4683-BCA0-CDF095E0815F}.Debug|x86.Build.0 = Debug|Any CPU
		{10712F1B-019B-4683-BCA0-CDF095E0815F}.Release|Any CPU.ActiveCfg = Release|Any CPU
		{10712F1B-019B-4683-BCA0-CDF095E0815F}.Release|Any CPU.Build.0 = Release|Any CPU
		{10712F1B-019B-4683-BCA0-CDF095E0815F}.Release|ARM.ActiveCfg = Release|Any CPU
		{10712F1B-019B-4683-BCA0-CDF095E0815F}.Release|ARM.Build.0 = Release|Any CPU
		{10712F1B-019B-4683-BCA0-CDF095E0815F}.Release|x64.ActiveCfg = Release|Any CPU
		{10712F1B-019B-4683-BCA0-CDF095E0815F}.Release|x64.Build.0 = Release|Any CPU
		{10712F1B-019B-4683-BCA0-CDF095E0815F}.Release|x86.ActiveCfg = Release|Any CPU
		{10712F1B-019B-4683-BCA0-CDF095E0815F}.Release|x86.Build.0 = Release|Any CPU
		{A167BAE9-DC72-4A8C-9D22-135D26CE0870}.Debug|Any CPU.ActiveCfg = Debug|Any CPU
		{A167BAE9-DC72-4A8C-9D22-135D26CE0870}.Debug|Any CPU.Build.0 = Debug|Any CPU
		{A167BAE9-DC72-4A8C-9D22-135D26CE0870}.Debug|ARM.ActiveCfg = Debug|Any CPU
		{A167BAE9-DC72-4A8C-9D22-135D26CE0870}.Debug|ARM.Build.0 = Debug|Any CPU
		{A167BAE9-DC72-4A8C-9D22-135D26CE0870}.Debug|x64.ActiveCfg = Debug|Any CPU
		{A167BAE9-DC72-4A8C-9D22-135D26CE0870}.Debug|x64.Build.0 = Debug|Any CPU
		{A167BAE9-DC72-4A8C-9D22-135D26CE0870}.Debug|x86.ActiveCfg = Debug|Any CPU
		{A167BAE9-DC72-4A8C-9D22-135D26CE0870}.Debug|x86.Build.0 = Debug|Any CPU
		{A167BAE9-DC72-4A8C-9D22-135D26CE0870}.Release|Any CPU.ActiveCfg = Release|Any CPU
		{A167BAE9-DC72-4A8C-9D22-135D26CE0870}.Release|Any CPU.Build.0 = Release|Any CPU
		{A167BAE9-DC72-4A8C-9D22-135D26CE0870}.Release|ARM.ActiveCfg = Release|Any CPU
		{A167BAE9-DC72-4A8C-9D22-135D26CE0870}.Release|ARM.Build.0 = Release|Any CPU
		{A167BAE9-DC72-4A8C-9D22-135D26CE0870}.Release|x64.ActiveCfg = Release|Any CPU
		{A167BAE9-DC72-4A8C-9D22-135D26CE0870}.Release|x64.Build.0 = Release|Any CPU
		{A167BAE9-DC72-4A8C-9D22-135D26CE0870}.Release|x86.ActiveCfg = Release|Any CPU
		{A167BAE9-DC72-4A8C-9D22-135D26CE0870}.Release|x86.Build.0 = Release|Any CPU
		{5A3A6EBD-775D-4930-A785-8EC7006E933E}.Debug|Any CPU.ActiveCfg = Debug|Any CPU
		{5A3A6EBD-775D-4930-A785-8EC7006E933E}.Debug|Any CPU.Build.0 = Debug|Any CPU
		{5A3A6EBD-775D-4930-A785-8EC7006E933E}.Debug|ARM.ActiveCfg = Debug|Any CPU
		{5A3A6EBD-775D-4930-A785-8EC7006E933E}.Debug|ARM.Build.0 = Debug|Any CPU
		{5A3A6EBD-775D-4930-A785-8EC7006E933E}.Debug|x64.ActiveCfg = Debug|Any CPU
		{5A3A6EBD-775D-4930-A785-8EC7006E933E}.Debug|x64.Build.0 = Debug|Any CPU
		{5A3A6EBD-775D-4930-A785-8EC7006E933E}.Debug|x86.ActiveCfg = Debug|Any CPU
		{5A3A6EBD-775D-4930-A785-8EC7006E933E}.Debug|x86.Build.0 = Debug|Any CPU
		{5A3A6EBD-775D-4930-A785-8EC7006E933E}.Release|Any CPU.ActiveCfg = Release|Any CPU
		{5A3A6EBD-775D-4930-A785-8EC7006E933E}.Release|Any CPU.Build.0 = Release|Any CPU
		{5A3A6EBD-775D-4930-A785-8EC7006E933E}.Release|ARM.ActiveCfg = Release|Any CPU
		{5A3A6EBD-775D-4930-A785-8EC7006E933E}.Release|ARM.Build.0 = Release|Any CPU
		{5A3A6EBD-775D-4930-A785-8EC7006E933E}.Release|x64.ActiveCfg = Release|Any CPU
		{5A3A6EBD-775D-4930-A785-8EC7006E933E}.Release|x64.Build.0 = Release|Any CPU
		{5A3A6EBD-775D-4930-A785-8EC7006E933E}.Release|x86.ActiveCfg = Release|Any CPU
		{5A3A6EBD-775D-4930-A785-8EC7006E933E}.Release|x86.Build.0 = Release|Any CPU
		{024AFF16-9A00-4972-AA96-442E9A276D34}.Debug|Any CPU.ActiveCfg = Debug|Any CPU
		{024AFF16-9A00-4972-AA96-442E9A276D34}.Debug|Any CPU.Build.0 = Debug|Any CPU
		{024AFF16-9A00-4972-AA96-442E9A276D34}.Debug|ARM.ActiveCfg = Debug|ARM
		{024AFF16-9A00-4972-AA96-442E9A276D34}.Debug|ARM.Build.0 = Debug|ARM
		{024AFF16-9A00-4972-AA96-442E9A276D34}.Debug|x64.ActiveCfg = Debug|x64
		{024AFF16-9A00-4972-AA96-442E9A276D34}.Debug|x64.Build.0 = Debug|x64
		{024AFF16-9A00-4972-AA96-442E9A276D34}.Debug|x86.ActiveCfg = Debug|x86
		{024AFF16-9A00-4972-AA96-442E9A276D34}.Debug|x86.Build.0 = Debug|x86
		{024AFF16-9A00-4972-AA96-442E9A276D34}.Release|Any CPU.ActiveCfg = Release|Any CPU
		{024AFF16-9A00-4972-AA96-442E9A276D34}.Release|Any CPU.Build.0 = Release|Any CPU
		{024AFF16-9A00-4972-AA96-442E9A276D34}.Release|ARM.ActiveCfg = Release|ARM
		{024AFF16-9A00-4972-AA96-442E9A276D34}.Release|ARM.Build.0 = Release|ARM
		{024AFF16-9A00-4972-AA96-442E9A276D34}.Release|x64.ActiveCfg = Release|x64
		{024AFF16-9A00-4972-AA96-442E9A276D34}.Release|x64.Build.0 = Release|x64
		{024AFF16-9A00-4972-AA96-442E9A276D34}.Release|x86.ActiveCfg = Release|x86
		{024AFF16-9A00-4972-AA96-442E9A276D34}.Release|x86.Build.0 = Release|x86
	EndGlobalSection
	GlobalSection(SolutionProperties) = preSolution
		HideSolutionNode = FALSE
	EndGlobalSection
	GlobalSection(ExtensibilityGlobals) = postSolution
		SolutionGuid = {2812E6F5-77E7-46B2-8A4E-5BD9AA93B03A}
	EndGlobalSection
EndGlobal
